// !$*UTF8*$!
{
	archiveVersion = 1;
	classes = {
	};
	objectVersion = 46;
	objects = {

/* Begin PBXBuildFile section */
		1345C7121EBD51680076FF31 /* Color.swift in Sources */ = {isa = PBXBuildFile; fileRef = 1345C7111EBD51680076FF31 /* Color.swift */; };
		1345C7141EBD727A0076FF31 /* GradientViewController.swift in Sources */ = {isa = PBXBuildFile; fileRef = 1345C7131EBD727A0076FF31 /* GradientViewController.swift */; };
		1345C7181EBD8EC40076FF31 /* MyCustomEventView.swift in Sources */ = {isa = PBXBuildFile; fileRef = 1345C7171EBD8EC40076FF31 /* MyCustomEventView.swift */; };
		138392C91EAC5792007A36D2 /* BasicViewController.swift in Sources */ = {isa = PBXBuildFile; fileRef = 138392C81EAC5792007A36D2 /* BasicViewController.swift */; };
		138392D41EAC5ADA007A36D2 /* YMCalendar.framework in Frameworks */ = {isa = PBXBuildFile; fileRef = 138392D31EAC5ADA007A36D2 /* YMCalendar.framework */; };
		138392D51EAC5ADA007A36D2 /* YMCalendar.framework in Embed Frameworks */ = {isa = PBXBuildFile; fileRef = 138392D31EAC5ADA007A36D2 /* YMCalendar.framework */; settings = {ATTRIBUTES = (CodeSignOnCopy, RemoveHeadersOnCopy, ); }; };
		13A518CA1E72E6BA00F539ED /* AppDelegate.swift in Sources */ = {isa = PBXBuildFile; fileRef = 13A518C91E72E6BA00F539ED /* AppDelegate.swift */; };
		13A518CF1E72E6BA00F539ED /* Main.storyboard in Resources */ = {isa = PBXBuildFile; fileRef = 13A518CD1E72E6BA00F539ED /* Main.storyboard */; };
		13A518D11E72E6BA00F539ED /* Assets.xcassets in Resources */ = {isa = PBXBuildFile; fileRef = 13A518D01E72E6BA00F539ED /* Assets.xcassets */; };
		13A518D41E72E6BA00F539ED /* LaunchScreen.storyboard in Resources */ = {isa = PBXBuildFile; fileRef = 13A518D21E72E6BA00F539ED /* LaunchScreen.storyboard */; };
		13FCCEE81E90E4350070B038 /* EKEventKitViewController.swift in Sources */ = {isa = PBXBuildFile; fileRef = 13FCCEE71E90E4350070B038 /* EKEventKitViewController.swift */; };
/* End PBXBuildFile section */

/* Begin PBXCopyFilesBuildPhase section */
		13B518F01EABA035002749AF /* Embed Frameworks */ = {
			isa = PBXCopyFilesBuildPhase;
			buildActionMask = 2147483647;
			dstPath = "";
			dstSubfolderSpec = 10;
			files = (
				138392D51EAC5ADA007A36D2 /* YMCalendar.framework in Embed Frameworks */,
			);
			name = "Embed Frameworks";
			runOnlyForDeploymentPostprocessing = 0;
		};
/* End PBXCopyFilesBuildPhase section */

/* Begin PBXFileReference section */
		1345C7111EBD51680076FF31 /* Color.swift */ = {isa = PBXFileReference; fileEncoding = 4; lastKnownFileType = sourcecode.swift; path = Color.swift; sourceTree = "<group>"; };
		1345C7131EBD727A0076FF31 /* GradientViewController.swift */ = {isa = PBXFileReference; fileEncoding = 4; lastKnownFileType = sourcecode.swift; path = GradientViewController.swift; sourceTree = "<group>"; };
		1345C7171EBD8EC40076FF31 /* MyCustomEventView.swift */ = {isa = PBXFileReference; fileEncoding = 4; lastKnownFileType = sourcecode.swift; path = MyCustomEventView.swift; sourceTree = "<group>"; };
		138392C81EAC5792007A36D2 /* BasicViewController.swift */ = {isa = PBXFileReference; fileEncoding = 4; lastKnownFileType = sourcecode.swift; path = BasicViewController.swift; sourceTree = "<group>"; };
		138392D31EAC5ADA007A36D2 /* YMCalendar.framework */ = {isa = PBXFileReference; explicitFileType = wrapper.framework; path = YMCalendar.framework; sourceTree = BUILT_PRODUCTS_DIR; };
		13A518C61E72E6BA00F539ED /* YMCalendarDemo.app */ = {isa = PBXFileReference; explicitFileType = wrapper.application; includeInIndex = 0; path = YMCalendarDemo.app; sourceTree = BUILT_PRODUCTS_DIR; };
		13A518C91E72E6BA00F539ED /* AppDelegate.swift */ = {isa = PBXFileReference; lastKnownFileType = sourcecode.swift; path = AppDelegate.swift; sourceTree = "<group>"; };
		13A518CE1E72E6BA00F539ED /* Base */ = {isa = PBXFileReference; lastKnownFileType = file.storyboard; name = Base; path = Base.lproj/Main.storyboard; sourceTree = "<group>"; };
		13A518D01E72E6BA00F539ED /* Assets.xcassets */ = {isa = PBXFileReference; lastKnownFileType = folder.assetcatalog; path = Assets.xcassets; sourceTree = "<group>"; };
		13A518D31E72E6BA00F539ED /* Base */ = {isa = PBXFileReference; lastKnownFileType = file.storyboard; name = Base; path = Base.lproj/LaunchScreen.storyboard; sourceTree = "<group>"; };
		13A518D51E72E6BA00F539ED /* Info.plist */ = {isa = PBXFileReference; lastKnownFileType = text.plist.xml; path = Info.plist; sourceTree = "<group>"; };
		13FCCEE71E90E4350070B038 /* EKEventKitViewController.swift */ = {isa = PBXFileReference; fileEncoding = 4; lastKnownFileType = sourcecode.swift; path = EKEventKitViewController.swift; sourceTree = "<group>"; };
/* End PBXFileReference section */

/* Begin PBXFrameworksBuildPhase section */
		13A518C31E72E6BA00F539ED /* Frameworks */ = {
			isa = PBXFrameworksBuildPhase;
			buildActionMask = 2147483647;
			files = (
				138392D41EAC5ADA007A36D2 /* YMCalendar.framework in Frameworks */,
			);
			runOnlyForDeploymentPostprocessing = 0;
		};
/* End PBXFrameworksBuildPhase section */

/* Begin PBXGroup section */
		13A518BD1E72E6BA00F539ED = {
			isa = PBXGroup;
			children = (
				13A518C81E72E6BA00F539ED /* YMCalendarDemo */,
				13A518C71E72E6BA00F539ED /* Products */,
				13A518E91E72E8A900F539ED /* Frameworks */,
			);
			sourceTree = "<group>";
		};
		13A518C71E72E6BA00F539ED /* Products */ = {
			isa = PBXGroup;
			children = (
				13A518C61E72E6BA00F539ED /* YMCalendarDemo.app */,
			);
			name = Products;
			sourceTree = "<group>";
		};
		13A518C81E72E6BA00F539ED /* YMCalendarDemo */ = {
			isa = PBXGroup;
			children = (
				13A518D51E72E6BA00F539ED /* Info.plist */,
				13A518C91E72E6BA00F539ED /* AppDelegate.swift */,
				138392C81EAC5792007A36D2 /* BasicViewController.swift */,
				1345C7131EBD727A0076FF31 /* GradientViewController.swift */,
				1345C7171EBD8EC40076FF31 /* MyCustomEventView.swift */,
				13FCCEE71E90E4350070B038 /* EKEventKitViewController.swift */,
				1345C7111EBD51680076FF31 /* Color.swift */,
				13A518D01E72E6BA00F539ED /* Assets.xcassets */,
				13A518D21E72E6BA00F539ED /* LaunchScreen.storyboard */,
				13A518CD1E72E6BA00F539ED /* Main.storyboard */,
			);
			path = YMCalendarDemo;
			sourceTree = "<group>";
		};
		13A518E91E72E8A900F539ED /* Frameworks */ = {
			isa = PBXGroup;
			children = (
				138392D31EAC5ADA007A36D2 /* YMCalendar.framework */,
			);
			name = Frameworks;
			sourceTree = "<group>";
		};
/* End PBXGroup section */

/* Begin PBXNativeTarget section */
		13A518C51E72E6BA00F539ED /* YMCalendarDemo */ = {
			isa = PBXNativeTarget;
			buildConfigurationList = 13A518E31E72E6BA00F539ED /* Build configuration list for PBXNativeTarget "YMCalendarDemo" */;
			buildPhases = (
				13A518C21E72E6BA00F539ED /* Sources */,
				13A518C31E72E6BA00F539ED /* Frameworks */,
				13A518C41E72E6BA00F539ED /* Resources */,
				13B518F01EABA035002749AF /* Embed Frameworks */,
			);
			buildRules = (
			);
			dependencies = (
			);
			name = YMCalendarDemo;
			productName = YMCalendarDemo;
			productReference = 13A518C61E72E6BA00F539ED /* YMCalendarDemo.app */;
			productType = "com.apple.product-type.application";
		};
/* End PBXNativeTarget section */

/* Begin PBXProject section */
		13A518BE1E72E6BA00F539ED /* Project object */ = {
			isa = PBXProject;
			attributes = {
				LastSwiftUpdateCheck = 0820;
				LastUpgradeCheck = 0920;
				ORGANIZATIONNAME = "Yuma Matsune";
				TargetAttributes = {
					13A518C51E72E6BA00F539ED = {
						CreatedOnToolsVersion = 8.2.1;
						LastSwiftMigration = 0920;
						ProvisioningStyle = Automatic;
					};
				};
			};
			buildConfigurationList = 13A518C11E72E6BA00F539ED /* Build configuration list for PBXProject "YMCalendarDemo" */;
			compatibilityVersion = "Xcode 3.2";
			developmentRegion = English;
			hasScannedForEncodings = 0;
			knownRegions = (
				en,
				Base,
			);
			mainGroup = 13A518BD1E72E6BA00F539ED;
			productRefGroup = 13A518C71E72E6BA00F539ED /* Products */;
			projectDirPath = "";
			projectRoot = "";
			targets = (
				13A518C51E72E6BA00F539ED /* YMCalendarDemo */,
			);
		};
/* End PBXProject section */

/* Begin PBXResourcesBuildPhase section */
		13A518C41E72E6BA00F539ED /* Resources */ = {
			isa = PBXResourcesBuildPhase;
			buildActionMask = 2147483647;
			files = (
				13A518D41E72E6BA00F539ED /* LaunchScreen.storyboard in Resources */,
				13A518D11E72E6BA00F539ED /* Assets.xcassets in Resources */,
				13A518CF1E72E6BA00F539ED /* Main.storyboard in Resources */,
			);
			runOnlyForDeploymentPostprocessing = 0;
		};
/* End PBXResourcesBuildPhase section */

/* Begin PBXSourcesBuildPhase section */
		13A518C21E72E6BA00F539ED /* Sources */ = {
			isa = PBXSourcesBuildPhase;
			buildActionMask = 2147483647;
			files = (
				13A518CA1E72E6BA00F539ED /* AppDelegate.swift in Sources */,
				1345C7121EBD51680076FF31 /* Color.swift in Sources */,
				1345C7181EBD8EC40076FF31 /* MyCustomEventView.swift in Sources */,
				1345C7141EBD727A0076FF31 /* GradientViewController.swift in Sources */,
				138392C91EAC5792007A36D2 /* BasicViewController.swift in Sources */,
				13FCCEE81E90E4350070B038 /* EKEventKitViewController.swift in Sources */,
			);
			runOnlyForDeploymentPostprocessing = 0;
		};
/* End PBXSourcesBuildPhase section */

/* Begin PBXVariantGroup section */
		13A518CD1E72E6BA00F539ED /* Main.storyboard */ = {
			isa = PBXVariantGroup;
			children = (
				13A518CE1E72E6BA00F539ED /* Base */,
			);
			name = Main.storyboard;
			sourceTree = "<group>";
		};
		13A518D21E72E6BA00F539ED /* LaunchScreen.storyboard */ = {
			isa = PBXVariantGroup;
			children = (
				13A518D31E72E6BA00F539ED /* Base */,
			);
			name = LaunchScreen.storyboard;
			sourceTree = "<group>";
		};
/* End PBXVariantGroup section */

/* Begin XCBuildConfiguration section */
		13A518E11E72E6BA00F539ED /* Debug */ = {
			isa = XCBuildConfiguration;
			buildSettings = {
				ALWAYS_SEARCH_USER_PATHS = NO;
				CLANG_ANALYZER_NONNULL = YES;
				CLANG_CXX_LANGUAGE_STANDARD = "gnu++0x";
				CLANG_CXX_LIBRARY = "libc++";
				CLANG_ENABLE_MODULES = YES;
				CLANG_ENABLE_OBJC_ARC = YES;
				CLANG_WARN_BLOCK_CAPTURE_AUTORELEASING = YES;
				CLANG_WARN_BOOL_CONVERSION = YES;
				CLANG_WARN_COMMA = YES;
				CLANG_WARN_CONSTANT_CONVERSION = YES;
				CLANG_WARN_DIRECT_OBJC_ISA_USAGE = YES_ERROR;
				CLANG_WARN_DOCUMENTATION_COMMENTS = YES;
				CLANG_WARN_EMPTY_BODY = YES;
				CLANG_WARN_ENUM_CONVERSION = YES;
				CLANG_WARN_INFINITE_RECURSION = YES;
				CLANG_WARN_INT_CONVERSION = YES;
				CLANG_WARN_NON_LITERAL_NULL_CONVERSION = YES;
				CLANG_WARN_OBJC_LITERAL_CONVERSION = YES;
				CLANG_WARN_OBJC_ROOT_CLASS = YES_ERROR;
				CLANG_WARN_RANGE_LOOP_ANALYSIS = YES;
				CLANG_WARN_STRICT_PROTOTYPES = YES;
				CLANG_WARN_SUSPICIOUS_MOVE = YES;
				CLANG_WARN_UNREACHABLE_CODE = YES;
				CLANG_WARN__DUPLICATE_METHOD_MATCH = YES;
				"CODE_SIGN_IDENTITY[sdk=iphoneos*]" = "iPhone Developer";
				COPY_PHASE_STRIP = NO;
				DEBUG_INFORMATION_FORMAT = dwarf;
				ENABLE_STRICT_OBJC_MSGSEND = YES;
				ENABLE_TESTABILITY = YES;
				GCC_C_LANGUAGE_STANDARD = gnu99;
				GCC_DYNAMIC_NO_PIC = NO;
				GCC_NO_COMMON_BLOCKS = YES;
				GCC_OPTIMIZATION_LEVEL = 0;
				GCC_PREPROCESSOR_DEFINITIONS = (
					"DEBUG=1",
					"$(inherited)",
				);
				GCC_WARN_64_TO_32_BIT_CONVERSION = YES;
				GCC_WARN_ABOUT_RETURN_TYPE = YES_ERROR;
				GCC_WARN_UNDECLARED_SELECTOR = YES;
				GCC_WARN_UNINITIALIZED_AUTOS = YES_AGGRESSIVE;
				GCC_WARN_UNUSED_FUNCTION = YES;
				GCC_WARN_UNUSED_VARIABLE = YES;
				IPHONEOS_DEPLOYMENT_TARGET = 10.2;
				MTL_ENABLE_DEBUG_INFO = YES;
				ONLY_ACTIVE_ARCH = YES;
				SDKROOT = iphoneos;
				SWIFT_ACTIVE_COMPILATION_CONDITIONS = DEBUG;
				SWIFT_OPTIMIZATION_LEVEL = "-Onone";
				TARGETED_DEVICE_FAMILY = "1,2";
			};
			name = Debug;
		};
		13A518E21E72E6BA00F539ED /* Release */ = {
			isa = XCBuildConfiguration;
			buildSettings = {
				ALWAYS_SEARCH_USER_PATHS = NO;
				CLANG_ANALYZER_NONNULL = YES;
				CLANG_CXX_LANGUAGE_STANDARD = "gnu++0x";
				CLANG_CXX_LIBRARY = "libc++";
				CLANG_ENABLE_MODULES = YES;
				CLANG_ENABLE_OBJC_ARC = YES;
				CLANG_WARN_BLOCK_CAPTURE_AUTORELEASING = YES;
				CLANG_WARN_BOOL_CONVERSION = YES;
				CLANG_WARN_COMMA = YES;
				CLANG_WARN_CONSTANT_CONVERSION = YES;
				CLANG_WARN_DIRECT_OBJC_ISA_USAGE = YES_ERROR;
				CLANG_WARN_DOCUMENTATION_COMMENTS = YES;
				CLANG_WARN_EMPTY_BODY = YES;
				CLANG_WARN_ENUM_CONVERSION = YES;
				CLANG_WARN_INFINITE_RECURSION = YES;
				CLANG_WARN_INT_CONVERSION = YES;
				CLANG_WARN_NON_LITERAL_NULL_CONVERSION = YES;
				CLANG_WARN_OBJC_LITERAL_CONVERSION = YES;
				CLANG_WARN_OBJC_ROOT_CLASS = YES_ERROR;
				CLANG_WARN_RANGE_LOOP_ANALYSIS = YES;
				CLANG_WARN_STRICT_PROTOTYPES = YES;
				CLANG_WARN_SUSPICIOUS_MOVE = YES;
				CLANG_WARN_UNREACHABLE_CODE = YES;
				CLANG_WARN__DUPLICATE_METHOD_MATCH = YES;
				"CODE_SIGN_IDENTITY[sdk=iphoneos*]" = "iPhone Developer";
				COPY_PHASE_STRIP = NO;
				DEBUG_INFORMATION_FORMAT = "dwarf-with-dsym";
				ENABLE_NS_ASSERTIONS = NO;
				ENABLE_STRICT_OBJC_MSGSEND = YES;
				GCC_C_LANGUAGE_STANDARD = gnu99;
				GCC_NO_COMMON_BLOCKS = YES;
				GCC_WARN_64_TO_32_BIT_CONVERSION = YES;
				GCC_WARN_ABOUT_RETURN_TYPE = YES_ERROR;
				GCC_WARN_UNDECLARED_SELECTOR = YES;
				GCC_WARN_UNINITIALIZED_AUTOS = YES_AGGRESSIVE;
				GCC_WARN_UNUSED_FUNCTION = YES;
				GCC_WARN_UNUSED_VARIABLE = YES;
				IPHONEOS_DEPLOYMENT_TARGET = 10.2;
				MTL_ENABLE_DEBUG_INFO = NO;
				SDKROOT = iphoneos;
				SWIFT_OPTIMIZATION_LEVEL = "-Owholemodule";
				TARGETED_DEVICE_FAMILY = "1,2";
				VALIDATE_PRODUCT = YES;
			};
			name = Release;
		};
		13A518E41E72E6BA00F539ED /* Debug */ = {
			isa = XCBuildConfiguration;
			buildSettings = {
				ASSETCATALOG_COMPILER_APPICON_NAME = AppIcon;
				DEVELOPMENT_TEAM = "";
				ENABLE_BITCODE = NO;
				FRAMEWORK_SEARCH_PATHS = "";
				INFOPLIST_FILE = YMCalendarDemo/Info.plist;
				LD_RUNPATH_SEARCH_PATHS = "$(inherited) @executable_path/Frameworks";
				PRODUCT_BUNDLE_IDENTIFIER = co.matsune.YMCalendarDemo;
				PRODUCT_NAME = "$(TARGET_NAME)";
				SWIFT_SWIFT3_OBJC_INFERENCE = Default;
				SWIFT_VERSION = 4.0;
			};
			name = Debug;
		};
		13A518E51E72E6BA00F539ED /* Release */ = {
			isa = XCBuildConfiguration;
			buildSettings = {
				ASSETCATALOG_COMPILER_APPICON_NAME = AppIcon;
				DEVELOPMENT_TEAM = "";
				ENABLE_BITCODE = NO;
				FRAMEWORK_SEARCH_PATHS = "";
				INFOPLIST_FILE = YMCalendarDemo/Info.plist;
				LD_RUNPATH_SEARCH_PATHS = "$(inherited) @executable_path/Frameworks";
				PRODUCT_BUNDLE_IDENTIFIER = co.matsune.YMCalendarDemo;
				PRODUCT_NAME = "$(TARGET_NAME)";
				SWIFT_SWIFT3_OBJC_INFERENCE = Default;
				SWIFT_VERSION = 4.0;
			};
			name = Release;
		};
/* End XCBuildConfiguration section */

/* Begin XCConfigurationList section */
		13A518C11E72E6BA00F539ED /* Build configuration list for PBXProject "YMCalendarDemo" */ = {
			isa = XCConfigurationList;
			buildConfigurations = (
				13A518E11E72E6BA00F539ED /* Debug */,
				13A518E21E72E6BA00F539ED /* Release */,
			);
			defaultConfigurationIsVisible = 0;
			defaultConfigurationName = Release;
		};
		13A518E31E72E6BA00F539ED /* Build configuration list for PBXNativeTarget "YMCalendarDemo" */ = {
			isa = XCConfigurationList;
			buildConfigurations = (
				13A518E41E72E6BA00F539ED /* Debug */,
				13A518E51E72E6BA00F539ED /* Release */,
			);
			defaultConfigurationIsVisible = 0;
			defaultConfigurationName = Release;
		};
/* End XCConfigurationList section */
	};
	rootObject = 13A518BE1E72E6BA00F539ED /* Project object */;
}
